
Microsoft Visual Studio Solution File, Format Version 12.00
# Visual Studio 15
VisualStudioVersion = 15.0.26730.15
MinimumVisualStudioVersion = 10.0.40219.1
Project("{FAE04EC0-301F-11D3-BF4B-00C04F79EFBC}") = "NewPathfinderPlayer", "NewPathfinderPlayer\NewPathfinderPlayer.csproj", "{D52A17EF-BD56-479E-AD61-69CA5C37D910}"
EndProject
Global
	GlobalSection(SolutionConfigurationPlatforms) = preSolution
		Debug|Any CPU = Debug|Any CPU
		Release|Any CPU = Release|Any CPU
	EndGlobalSection
	GlobalSection(ProjectConfigurationPlatforms) = postSolution
		{D52A17EF-BD56-479E-AD61-69CA5C37D910}.Debug|Any CPU.ActiveCfg = Debug|Any CPU
		{D52A17EF-BD56-479E-AD61-69CA5C37D910}.Debug|Any CPU.Build.0 = Debug|Any CPU
		{D52A17EF-BD56-479E-AD61-69CA5C37D910}.Release|Any CPU.ActiveCfg = Release|Any CPU
		{D52A17EF-BD56-479E-AD61-69CA5C37D910}.Release|Any CPU.Build.0 = Release|Any CPU
	EndGlobalSection
	GlobalSection(SolutionProperties) = preSolution
		HideSolutionNode = FALSE
	EndGlobalSection
	GlobalSection(ExtensibilityGlobals) = postSolution
		SolutionGuid = {13810244-501C-45E1-BD5B-85E8521F2639}
	EndGlobalSection
EndGlobal
